
Microsoft Visual Studio Solution File, Format Version 12.00
# Visual Studio Version 16
VisualStudioVersion = 16.0.34407.143
MinimumVisualStudioVersion = 10.0.40219.1
Project("{FAE04EC0-301F-11D3-BF4B-00C04F79EFBC}") = "Animation", "WpfApp1\Animation.csproj", "{5D5E0A58-566A-4FFB-B788-47BD338D781D}"
EndProject
Project("{FAE04EC0-301F-11D3-BF4B-00C04F79EFBC}") = "Panel", "Panel\Panel.csproj", "{6D1BA526-721E-4C71-850D-3BF1A0F498C6}"
EndProject
Project("{FAE04EC0-301F-11D3-BF4B-00C04F79EFBC}") = "Password_box", "Password_box\Password_box.csproj", "{349DFC7A-3ADB-430D-B5F0-F7E73FE3E306}"
EndProject
Project("{FAE04EC0-301F-11D3-BF4B-00C04F79EFBC}") = "Colors", "Colors\Colors.csproj", "{07D296B6-2747-49CB-AEC4-FE9A27D7A3D5}"
EndProject
Project("{FAE04EC0-301F-11D3-BF4B-00C04F79EFBC}") = "Calculator", "Calculator\Calculator.csproj", "{DE01C86C-64F9-413D-B37E-996011630E22}"
EndProject
Project("{FAE04EC0-301F-11D3-BF4B-00C04F79EFBC}") = "My_binding", "My_buinding\My_binding.csproj", "{A95427E6-568E-476B-842F-FCB7A456E9F9}"
EndProject
Project("{FAE04EC0-301F-11D3-BF4B-00C04F79EFBC}") = "Block_text_elements", "Block_text_elements\Block_text_elements.csproj", "{7EEAF378-0926-4495-A932-A7F4AD687DD1}"
EndProject
Project("{FAE04EC0-301F-11D3-BF4B-00C04F79EFBC}") = "Document", "Document\Document.csproj", "{F0B3383B-91D2-441F-B4F0-D97A88E94113}"
EndProject
Project("{FAE04EC0-301F-11D3-BF4B-00C04F79EFBC}") = "My_tab_control", "My_tab_control\My_tab_control.csproj", "{8AF8A754-A03C-4B22-81F1-F317080B8FFA}"
EndProject
Project("{FAE04EC0-301F-11D3-BF4B-00C04F79EFBC}") = "My_tab_control2", "My_tab_control2\My_tab_control2.csproj", "{9A30CAAE-43AA-40F1-86B7-B0B97EDF78B5}"
EndProject
Project("{FAE04EC0-301F-11D3-BF4B-00C04F79EFBC}") = "My_binding2", "WpfApp2\My_binding2.csproj", "{A5B8DB24-7E6A-420C-A302-C4DC300ED67B}"
EndProject
Project("{FAE04EC0-301F-11D3-BF4B-00C04F79EFBC}") = "My_tab_control_homework", "My_tab_control_homework\My_tab_control_homework.csproj", "{D4F44729-807B-475B-BE4B-F30E4F842E08}"
EndProject
Project("{FAE04EC0-301F-11D3-BF4B-00C04F79EFBC}") = "My_binding_homework", "My_binding_homework\My_binding_homework.csproj", "{8E78B412-A3AF-434D-8C61-2CB08FADF5F7}"
EndProject
Project("{FAE04EC0-301F-11D3-BF4B-00C04F79EFBC}") = "English_for_kids", "English_for_kids\English_for_kids.csproj", "{928F9D62-B127-45AA-8483-5E209FCD1B19}"
EndProject
Global
	GlobalSection(SolutionConfigurationPlatforms) = preSolution
		Debug|Any CPU = Debug|Any CPU
		Debug|x86 = Debug|x86
		Release|Any CPU = Release|Any CPU
		Release|x86 = Release|x86
	EndGlobalSection
	GlobalSection(ProjectConfigurationPlatforms) = postSolution
		{5D5E0A58-566A-4FFB-B788-47BD338D781D}.Debug|Any CPU.ActiveCfg = Debug|Any CPU
		{5D5E0A58-566A-4FFB-B788-47BD338D781D}.Debug|Any CPU.Build.0 = Debug|Any CPU
		{5D5E0A58-566A-4FFB-B788-47BD338D781D}.Debug|x86.ActiveCfg = Debug|x86
		{5D5E0A58-566A-4FFB-B788-47BD338D781D}.Debug|x86.Build.0 = Debug|x86
		{5D5E0A58-566A-4FFB-B788-47BD338D781D}.Release|Any CPU.ActiveCfg = Release|Any CPU
		{5D5E0A58-566A-4FFB-B788-47BD338D781D}.Release|Any CPU.Build.0 = Release|Any CPU
		{5D5E0A58-566A-4FFB-B788-47BD338D781D}.Release|x86.ActiveCfg = Release|x86
		{5D5E0A58-566A-4FFB-B788-47BD338D781D}.Release|x86.Build.0 = Release|x86
		{6D1BA526-721E-4C71-850D-3BF1A0F498C6}.Debug|Any CPU.ActiveCfg = Debug|Any CPU
		{6D1BA526-721E-4C71-850D-3BF1A0F498C6}.Debug|Any CPU.Build.0 = Debug|Any CPU
		{6D1BA526-721E-4C71-850D-3BF1A0F498C6}.Debug|x86.ActiveCfg = Debug|x86
		{6D1BA526-721E-4C71-850D-3BF1A0F498C6}.Debug|x86.Build.0 = Debug|x86
		{6D1BA526-721E-4C71-850D-3BF1A0F498C6}.Release|Any CPU.ActiveCfg = Release|Any CPU
		{6D1BA526-721E-4C71-850D-3BF1A0F498C6}.Release|Any CPU.Build.0 = Release|Any CPU
		{6D1BA526-721E-4C71-850D-3BF1A0F498C6}.Release|x86.ActiveCfg = Release|x86
		{6D1BA526-721E-4C71-850D-3BF1A0F498C6}.Release|x86.Build.0 = Release|x86
		{349DFC7A-3ADB-430D-B5F0-F7E73FE3E306}.Debug|Any CPU.ActiveCfg = Debug|Any CPU
		{349DFC7A-3ADB-430D-B5F0-F7E73FE3E306}.Debug|Any CPU.Build.0 = Debug|Any CPU
		{349DFC7A-3ADB-430D-B5F0-F7E73FE3E306}.Debug|x86.ActiveCfg = Debug|x86
		{349DFC7A-3ADB-430D-B5F0-F7E73FE3E306}.Debug|x86.Build.0 = Debug|x86
		{349DFC7A-3ADB-430D-B5F0-F7E73FE3E306}.Release|Any CPU.ActiveCfg = Release|Any CPU
		{349DFC7A-3ADB-430D-B5F0-F7E73FE3E306}.Release|Any CPU.Build.0 = Release|Any CPU
		{349DFC7A-3ADB-430D-B5F0-F7E73FE3E306}.Release|x86.ActiveCfg = Release|x86
		{349DFC7A-3ADB-430D-B5F0-F7E73FE3E306}.Release|x86.Build.0 = Release|x86
		{07D296B6-2747-49CB-AEC4-FE9A27D7A3D5}.Debug|Any CPU.ActiveCfg = Debug|Any CPU
		{07D296B6-2747-49CB-AEC4-FE9A27D7A3D5}.Debug|Any CPU.Build.0 = Debug|Any CPU
		{07D296B6-2747-49CB-AEC4-FE9A27D7A3D5}.Debug|x86.ActiveCfg = Debug|x86
		{07D296B6-2747-49CB-AEC4-FE9A27D7A3D5}.Debug|x86.Build.0 = Debug|x86
		{07D296B6-2747-49CB-AEC4-FE9A27D7A3D5}.Release|Any CPU.ActiveCfg = Release|Any CPU
		{07D296B6-2747-49CB-AEC4-FE9A27D7A3D5}.Release|Any CPU.Build.0 = Release|Any CPU
		{07D296B6-2747-49CB-AEC4-FE9A27D7A3D5}.Release|x86.ActiveCfg = Release|x86
		{07D296B6-2747-49CB-AEC4-FE9A27D7A3D5}.Release|x86.Build.0 = Release|x86
		{DE01C86C-64F9-413D-B37E-996011630E22}.Debug|Any CPU.ActiveCfg = Debug|Any CPU
		{DE01C86C-64F9-413D-B37E-996011630E22}.Debug|Any CPU.Build.0 = Debug|Any CPU
		{DE01C86C-64F9-413D-B37E-996011630E22}.Debug|x86.ActiveCfg = Debug|x86
		{DE01C86C-64F9-413D-B37E-996011630E22}.Debug|x86.Build.0 = Debug|x86
		{DE01C86C-64F9-413D-B37E-996011630E22}.Release|Any CPU.ActiveCfg = Release|Any CPU
		{DE01C86C-64F9-413D-B37E-996011630E22}.Release|Any CPU.Build.0 = Release|Any CPU
		{DE01C86C-64F9-413D-B37E-996011630E22}.Release|x86.ActiveCfg = Release|x86
		{DE01C86C-64F9-413D-B37E-996011630E22}.Release|x86.Build.0 = Release|x86
		{A95427E6-568E-476B-842F-FCB7A456E9F9}.Debug|Any CPU.ActiveCfg = Debug|Any CPU
		{A95427E6-568E-476B-842F-FCB7A456E9F9}.Debug|Any CPU.Build.0 = Debug|Any CPU
		{A95427E6-568E-476B-842F-FCB7A456E9F9}.Debug|x86.ActiveCfg = Debug|x86
		{A95427E6-568E-476B-842F-FCB7A456E9F9}.Debug|x86.Build.0 = Debug|x86
		{A95427E6-568E-476B-842F-FCB7A456E9F9}.Release|Any CPU.ActiveCfg = Release|Any CPU
		{A95427E6-568E-476B-842F-FCB7A456E9F9}.Release|Any CPU.Build.0 = Release|Any CPU
		{A95427E6-568E-476B-842F-FCB7A456E9F9}.Release|x86.ActiveCfg = Release|x86
		{A95427E6-568E-476B-842F-FCB7A456E9F9}.Release|x86.Build.0 = Release|x86
		{7EEAF378-0926-4495-A932-A7F4AD687DD1}.Debug|Any CPU.ActiveCfg = Debug|Any CPU
		{7EEAF378-0926-4495-A932-A7F4AD687DD1}.Debug|Any CPU.Build.0 = Debug|Any CPU
		{7EEAF378-0926-4495-A932-A7F4AD687DD1}.Debug|x86.ActiveCfg = Debug|x86
		{7EEAF378-0926-4495-A932-A7F4AD687DD1}.Debug|x86.Build.0 = Debug|x86
		{7EEAF378-0926-4495-A932-A7F4AD687DD1}.Release|Any CPU.ActiveCfg = Release|Any CPU
		{7EEAF378-0926-4495-A932-A7F4AD687DD1}.Release|Any CPU.Build.0 = Release|Any CPU
		{7EEAF378-0926-4495-A932-A7F4AD687DD1}.Release|x86.ActiveCfg = Release|x86
		{7EEAF378-0926-4495-A932-A7F4AD687DD1}.Release|x86.Build.0 = Release|x86
		{F0B3383B-91D2-441F-B4F0-D97A88E94113}.Debug|Any CPU.ActiveCfg = Debug|Any CPU
		{F0B3383B-91D2-441F-B4F0-D97A88E94113}.Debug|Any CPU.Build.0 = Debug|Any CPU
		{F0B3383B-91D2-441F-B4F0-D97A88E94113}.Debug|x86.ActiveCfg = Debug|x86
		{F0B3383B-91D2-441F-B4F0-D97A88E94113}.Debug|x86.Build.0 = Debug|x86
		{F0B3383B-91D2-441F-B4F0-D97A88E94113}.Release|Any CPU.ActiveCfg = Release|Any CPU
		{F0B3383B-91D2-441F-B4F0-D97A88E94113}.Release|Any CPU.Build.0 = Release|Any CPU
		{F0B3383B-91D2-441F-B4F0-D97A88E94113}.Release|x86.ActiveCfg = Release|x86
		{F0B3383B-91D2-441F-B4F0-D97A88E94113}.Release|x86.Build.0 = Release|x86
		{8AF8A754-A03C-4B22-81F1-F317080B8FFA}.Debug|Any CPU.ActiveCfg = Debug|Any CPU
		{8AF8A754-A03C-4B22-81F1-F317080B8FFA}.Debug|Any CPU.Build.0 = Debug|Any CPU
		{8AF8A754-A03C-4B22-81F1-F317080B8FFA}.Debug|x86.ActiveCfg = Debug|x86
		{8AF8A754-A03C-4B22-81F1-F317080B8FFA}.Debug|x86.Build.0 = Debug|x86
		{8AF8A754-A03C-4B22-81F1-F317080B8FFA}.Release|Any CPU.ActiveCfg = Release|Any CPU
		{8AF8A754-A03C-4B22-81F1-F317080B8FFA}.Release|Any CPU.Build.0 = Release|Any CPU
		{8AF8A754-A03C-4B22-81F1-F317080B8FFA}.Release|x86.ActiveCfg = Release|x86
		{8AF8A754-A03C-4B22-81F1-F317080B8FFA}.Release|x86.Build.0 = Release|x86
		{9A30CAAE-43AA-40F1-86B7-B0B97EDF78B5}.Debug|Any CPU.ActiveCfg = Debug|Any CPU
		{9A30CAAE-43AA-40F1-86B7-B0B97EDF78B5}.Debug|Any CPU.Build.0 = Debug|Any CPU
		{9A30CAAE-43AA-40F1-86B7-B0B97EDF78B5}.Debug|x86.ActiveCfg = Debug|x86
		{9A30CAAE-43AA-40F1-86B7-B0B97EDF78B5}.Debug|x86.Build.0 = Debug|x86
		{9A30CAAE-43AA-40F1-86B7-B0B97EDF78B5}.Release|Any CPU.ActiveCfg = Release|Any CPU
		{9A30CAAE-43AA-40F1-86B7-B0B97EDF78B5}.Release|Any CPU.Build.0 = Release|Any CPU
		{9A30CAAE-43AA-40F1-86B7-B0B97EDF78B5}.Release|x86.ActiveCfg = Release|x86
		{9A30CAAE-43AA-40F1-86B7-B0B97EDF78B5}.Release|x86.Build.0 = Release|x86
		{A5B8DB24-7E6A-420C-A302-C4DC300ED67B}.Debug|Any CPU.ActiveCfg = Debug|Any CPU
		{A5B8DB24-7E6A-420C-A302-C4DC300ED67B}.Debug|Any CPU.Build.0 = Debug|Any CPU
		{A5B8DB24-7E6A-420C-A302-C4DC300ED67B}.Debug|x86.ActiveCfg = Debug|x86
		{A5B8DB24-7E6A-420C-A302-C4DC300ED67B}.Debug|x86.Build.0 = Debug|x86
		{A5B8DB24-7E6A-420C-A302-C4DC300ED67B}.Release|Any CPU.ActiveCfg = Release|Any CPU
		{A5B8DB24-7E6A-420C-A302-C4DC300ED67B}.Release|Any CPU.Build.0 = Release|Any CPU
		{A5B8DB24-7E6A-420C-A302-C4DC300ED67B}.Release|x86.ActiveCfg = Release|x86
		{A5B8DB24-7E6A-420C-A302-C4DC300ED67B}.Release|x86.Build.0 = Release|x86
		{D4F44729-807B-475B-BE4B-F30E4F842E08}.Debug|Any CPU.ActiveCfg = Debug|Any CPU
		{D4F44729-807B-475B-BE4B-F30E4F842E08}.Debug|Any CPU.Build.0 = Debug|Any CPU
		{D4F44729-807B-475B-BE4B-F30E4F842E08}.Debug|x86.ActiveCfg = Debug|x86
		{D4F44729-807B-475B-BE4B-F30E4F842E08}.Debug|x86.Build.0 = Debug|x86
		{D4F44729-807B-475B-BE4B-F30E4F842E08}.Release|Any CPU.ActiveCfg = Release|Any CPU
		{D4F44729-807B-475B-BE4B-F30E4F842E08}.Release|Any CPU.Build.0 = Release|Any CPU
		{D4F44729-807B-475B-BE4B-F30E4F842E08}.Release|x86.ActiveCfg = Release|x86
		{D4F44729-807B-475B-BE4B-F30E4F842E08}.Release|x86.Build.0 = Release|x86
		{8E78B412-A3AF-434D-8C61-2CB08FADF5F7}.Debug|Any CPU.ActiveCfg = Debug|Any CPU
		{8E78B412-A3AF-434D-8C61-2CB08FADF5F7}.Debug|Any CPU.Build.0 = Debug|Any CPU
		{8E78B412-A3AF-434D-8C61-2CB08FADF5F7}.Debug|x86.ActiveCfg = Debug|x86
		{8E78B412-A3AF-434D-8C61-2CB08FADF5F7}.Debug|x86.Build.0 = Debug|x86
		{8E78B412-A3AF-434D-8C61-2CB08FADF5F7}.Release|Any CPU.ActiveCfg = Release|Any CPU
		{8E78B412-A3AF-434D-8C61-2CB08FADF5F7}.Release|Any CPU.Build.0 = Release|Any CPU
		{8E78B412-A3AF-434D-8C61-2CB08FADF5F7}.Release|x86.ActiveCfg = Release|x86
		{8E78B412-A3AF-434D-8C61-2CB08FADF5F7}.Release|x86.Build.0 = Release|x86
		{928F9D62-B127-45AA-8483-5E209FCD1B19}.Debug|Any CPU.ActiveCfg = Debug|Any CPU
		{928F9D62-B127-45AA-8483-5E209FCD1B19}.Debug|Any CPU.Build.0 = Debug|Any CPU
		{928F9D62-B127-45AA-8483-5E209FCD1B19}.Debug|x86.ActiveCfg = Debug|x86
		{928F9D62-B127-45AA-8483-5E209FCD1B19}.Debug|x86.Build.0 = Debug|x86
		{928F9D62-B127-45AA-8483-5E209FCD1B19}.Release|Any CPU.ActiveCfg = Release|Any CPU
		{928F9D62-B127-45AA-8483-5E209FCD1B19}.Release|Any CPU.Build.0 = Release|Any CPU
		{928F9D62-B127-45AA-8483-5E209FCD1B19}.Release|x86.ActiveCfg = Release|x86
		{928F9D62-B127-45AA-8483-5E209FCD1B19}.Release|x86.Build.0 = Release|x86
	EndGlobalSection
	GlobalSection(SolutionProperties) = preSolution
		HideSolutionNode = FALSE
	EndGlobalSection
	GlobalSection(ExtensibilityGlobals) = postSolution
		SolutionGuid = {BC1BE56D-E0FB-4067-9F34-40DBE11A5571}
	EndGlobalSection
EndGlobal
